
Microsoft Visual Studio Solution File, Format Version 12.00
# Visual Studio 15
VisualStudioVersion = 15.0.27924.0
MinimumVisualStudioVersion = 10.0.40219.1
Project("{FAE04EC0-301F-11D3-BF4B-00C04F79EFBC}") = "RwpSvc", "RwpSvc\RwpSvc.csproj", "{C9A9AF50-AD16-4443-86CD-FDF46DD832A3}"
EndProject
Project("{FAE04EC0-301F-11D3-BF4B-00C04F79EFBC}") = "Rwp", "Rwp\Rwp.csproj", "{5CEDD91C-A59D-4815-92CE-AF0A1483CDAA}"
EndProject
Project("{9A19103F-16F7-4668-BE54-9A1E7A4F7556}") = "sql", "..\liblet\cs\sql\sql.csproj", "{D2383C17-0D82-41B0-8C18-A14253C050C7}"
EndProject
Project("{9A19103F-16F7-4668-BE54-9A1E7A4F7556}") = "StatusResult", "..\liblet\cs\StatusResult\StatusResult.csproj", "{0FE8C023-8694-4E19-9FB0-EA38E5B8798B}"
EndProject
Project("{FAE04EC0-301F-11D3-BF4B-00C04F79EFBC}") = "RwpApi", "RwpApi\RwpApi.csproj", "{8F4AADA4-9527-4815-997D-4C39BBB4B0DF}"
EndProject
Project("{9A19103F-16F7-4668-BE54-9A1E7A4F7556}") = "TCore.MsalWeb", "..\liblet\cs\TCore.MsalWeb\TCore.MsalWeb\TCore.MsalWeb.csproj", "{2A614ABE-23AE-4064-BD31-4EA1BCC4DAE0}"
EndProject
Project("{2150E333-8FDC-42A3-9474-1A3956D46DE8}") = "Liblets", "Liblets", "{2FF6E2BF-F6C5-418D-9D67-EEB3B53EDAB4}"
EndProject
Global
	GlobalSection(SolutionConfigurationPlatforms) = preSolution
		AzureDebug|Any CPU = AzureDebug|Any CPU
		AzureStagingDebug|Any CPU = AzureStagingDebug|Any CPU
		Debug|Any CPU = Debug|Any CPU
		DebugLocalHostLocalSvcLocalData|Any CPU = DebugLocalHostLocalSvcLocalData|Any CPU
		DebugLocalHostLocalSvcProdData|Any CPU = DebugLocalHostLocalSvcProdData|Any CPU
		DebugLocalHostStageSvcStageData|Any CPU = DebugLocalHostStageSvcStageData|Any CPU
		DebugProdHostProdSvcProdData|Any CPU = DebugProdHostProdSvcProdData|Any CPU
		DebugStageHostStageSvcProdData|Any CPU = DebugStageHostStageSvcProdData|Any CPU
		DebugStageHostStageSvcStageData|Any CPU = DebugStageHostStageSvcStageData|Any CPU
		IxStaging|Any CPU = IxStaging|Any CPU
		ObelixStaging|Any CPU = ObelixStaging|Any CPU
		Release|Any CPU = Release|Any CPU
		Release-Thetasoft2|Any CPU = Release-Thetasoft2|Any CPU
	EndGlobalSection
	GlobalSection(ProjectConfigurationPlatforms) = postSolution
		{C9A9AF50-AD16-4443-86CD-FDF46DD832A3}.AzureDebug|Any CPU.ActiveCfg = AzureDebug|Any CPU
		{C9A9AF50-AD16-4443-86CD-FDF46DD832A3}.AzureDebug|Any CPU.Build.0 = AzureDebug|Any CPU
		{C9A9AF50-AD16-4443-86CD-FDF46DD832A3}.AzureStagingDebug|Any CPU.ActiveCfg = AzureStagingDebug|Any CPU
		{C9A9AF50-AD16-4443-86CD-FDF46DD832A3}.AzureStagingDebug|Any CPU.Build.0 = AzureStagingDebug|Any CPU
		{C9A9AF50-AD16-4443-86CD-FDF46DD832A3}.Debug|Any CPU.ActiveCfg = Debug|Any CPU
		{C9A9AF50-AD16-4443-86CD-FDF46DD832A3}.Debug|Any CPU.Build.0 = Debug|Any CPU
		{C9A9AF50-AD16-4443-86CD-FDF46DD832A3}.DebugLocalHostLocalSvcLocalData|Any CPU.ActiveCfg = DebugLocalHostLocalSvcLocalData|Any CPU
		{C9A9AF50-AD16-4443-86CD-FDF46DD832A3}.DebugLocalHostLocalSvcLocalData|Any CPU.Build.0 = DebugLocalHostLocalSvcLocalData|Any CPU
		{C9A9AF50-AD16-4443-86CD-FDF46DD832A3}.DebugLocalHostLocalSvcProdData|Any CPU.ActiveCfg = DebugLocalHostLocalSvcProdData|Any CPU
		{C9A9AF50-AD16-4443-86CD-FDF46DD832A3}.DebugLocalHostLocalSvcProdData|Any CPU.Build.0 = DebugLocalHostLocalSvcProdData|Any CPU
		{C9A9AF50-AD16-4443-86CD-FDF46DD832A3}.DebugLocalHostStageSvcStageData|Any CPU.ActiveCfg = DebugLocalHostStageSvcStageData|Any CPU
		{C9A9AF50-AD16-4443-86CD-FDF46DD832A3}.DebugLocalHostStageSvcStageData|Any CPU.Build.0 = DebugLocalHostStageSvcStageData|Any CPU
		{C9A9AF50-AD16-4443-86CD-FDF46DD832A3}.DebugProdHostProdSvcProdData|Any CPU.ActiveCfg = DebugProdHostProdSvcProdData|Any CPU
		{C9A9AF50-AD16-4443-86CD-FDF46DD832A3}.DebugProdHostProdSvcProdData|Any CPU.Build.0 = DebugProdHostProdSvcProdData|Any CPU
		{C9A9AF50-AD16-4443-86CD-FDF46DD832A3}.DebugStageHostStageSvcProdData|Any CPU.ActiveCfg = DebugStageHostStageSvcProdData|Any CPU
		{C9A9AF50-AD16-4443-86CD-FDF46DD832A3}.DebugStageHostStageSvcProdData|Any CPU.Build.0 = DebugStageHostStageSvcProdData|Any CPU
		{C9A9AF50-AD16-4443-86CD-FDF46DD832A3}.DebugStageHostStageSvcStageData|Any CPU.ActiveCfg = DebugStageHostStageSvcStageData|Any CPU
		{C9A9AF50-AD16-4443-86CD-FDF46DD832A3}.DebugStageHostStageSvcStageData|Any CPU.Build.0 = DebugStageHostStageSvcStageData|Any CPU
		{C9A9AF50-AD16-4443-86CD-FDF46DD832A3}.IxStaging|Any CPU.ActiveCfg = IxStaging|Any CPU
		{C9A9AF50-AD16-4443-86CD-FDF46DD832A3}.IxStaging|Any CPU.Build.0 = IxStaging|Any CPU
		{C9A9AF50-AD16-4443-86CD-FDF46DD832A3}.IxStaging|Any CPU.Deploy.0 = IxStaging|Any CPU
		{C9A9AF50-AD16-4443-86CD-FDF46DD832A3}.ObelixStaging|Any CPU.ActiveCfg = ObelixStaging|Any CPU
		{C9A9AF50-AD16-4443-86CD-FDF46DD832A3}.ObelixStaging|Any CPU.Build.0 = ObelixStaging|Any CPU
		{C9A9AF50-AD16-4443-86CD-FDF46DD832A3}.Release|Any CPU.ActiveCfg = Release|Any CPU
		{C9A9AF50-AD16-4443-86CD-FDF46DD832A3}.Release|Any CPU.Build.0 = Release|Any CPU
		{C9A9AF50-AD16-4443-86CD-FDF46DD832A3}.Release-Thetasoft2|Any CPU.ActiveCfg = Release-Thetasoft2|Any CPU
		{C9A9AF50-AD16-4443-86CD-FDF46DD832A3}.Release-Thetasoft2|Any CPU.Build.0 = Release-Thetasoft2|Any CPU
		{5CEDD91C-A59D-4815-92CE-AF0A1483CDAA}.AzureDebug|Any CPU.ActiveCfg = AzureDebug|Any CPU
		{5CEDD91C-A59D-4815-92CE-AF0A1483CDAA}.AzureDebug|Any CPU.Build.0 = AzureDebug|Any CPU
		{5CEDD91C-A59D-4815-92CE-AF0A1483CDAA}.AzureStagingDebug|Any CPU.ActiveCfg = AzureStagingDebug|Any CPU
		{5CEDD91C-A59D-4815-92CE-AF0A1483CDAA}.AzureStagingDebug|Any CPU.Build.0 = AzureStagingDebug|Any CPU
		{5CEDD91C-A59D-4815-92CE-AF0A1483CDAA}.Debug|Any CPU.ActiveCfg = Debug|Any CPU
		{5CEDD91C-A59D-4815-92CE-AF0A1483CDAA}.Debug|Any CPU.Build.0 = Debug|Any CPU
		{5CEDD91C-A59D-4815-92CE-AF0A1483CDAA}.DebugLocalHostLocalSvcLocalData|Any CPU.ActiveCfg = DebugLocalHostLocalSvcLocalData|Any CPU
		{5CEDD91C-A59D-4815-92CE-AF0A1483CDAA}.DebugLocalHostLocalSvcLocalData|Any CPU.Build.0 = DebugLocalHostLocalSvcLocalData|Any CPU
		{5CEDD91C-A59D-4815-92CE-AF0A1483CDAA}.DebugLocalHostLocalSvcProdData|Any CPU.ActiveCfg = DebugLocalHostLocalSvcProdData|Any CPU
		{5CEDD91C-A59D-4815-92CE-AF0A1483CDAA}.DebugLocalHostLocalSvcProdData|Any CPU.Build.0 = DebugLocalHostLocalSvcProdData|Any CPU
		{5CEDD91C-A59D-4815-92CE-AF0A1483CDAA}.DebugLocalHostStageSvcStageData|Any CPU.ActiveCfg = DebugLocalHostStageSvcStageData|Any CPU
		{5CEDD91C-A59D-4815-92CE-AF0A1483CDAA}.DebugLocalHostStageSvcStageData|Any CPU.Build.0 = DebugLocalHostStageSvcStageData|Any CPU
		{5CEDD91C-A59D-4815-92CE-AF0A1483CDAA}.DebugProdHostProdSvcProdData|Any CPU.ActiveCfg = DebugProdHostProdSvcProdData|Any CPU
		{5CEDD91C-A59D-4815-92CE-AF0A1483CDAA}.DebugProdHostProdSvcProdData|Any CPU.Build.0 = DebugProdHostProdSvcProdData|Any CPU
		{5CEDD91C-A59D-4815-92CE-AF0A1483CDAA}.DebugStageHostStageSvcProdData|Any CPU.ActiveCfg = DebugStageHostStageSvcProdData|Any CPU
		{5CEDD91C-A59D-4815-92CE-AF0A1483CDAA}.DebugStageHostStageSvcProdData|Any CPU.Build.0 = DebugStageHostStageSvcProdData|Any CPU
		{5CEDD91C-A59D-4815-92CE-AF0A1483CDAA}.DebugStageHostStageSvcStageData|Any CPU.ActiveCfg = DebugStageHostStageSvcStageData|Any CPU
		{5CEDD91C-A59D-4815-92CE-AF0A1483CDAA}.DebugStageHostStageSvcStageData|Any CPU.Build.0 = DebugStageHostStageSvcStageData|Any CPU
		{5CEDD91C-A59D-4815-92CE-AF0A1483CDAA}.IxStaging|Any CPU.ActiveCfg = IxStaging|Any CPU
		{5CEDD91C-A59D-4815-92CE-AF0A1483CDAA}.IxStaging|Any CPU.Build.0 = IxStaging|Any CPU
		{5CEDD91C-A59D-4815-92CE-AF0A1483CDAA}.IxStaging|Any CPU.Deploy.0 = IxStaging|Any CPU
		{5CEDD91C-A59D-4815-92CE-AF0A1483CDAA}.ObelixStaging|Any CPU.ActiveCfg = ObelixStaging|Any CPU
		{5CEDD91C-A59D-4815-92CE-AF0A1483CDAA}.ObelixStaging|Any CPU.Build.0 = ObelixStaging|Any CPU
		{5CEDD91C-A59D-4815-92CE-AF0A1483CDAA}.Release|Any CPU.ActiveCfg = Release|Any CPU
		{5CEDD91C-A59D-4815-92CE-AF0A1483CDAA}.Release|Any CPU.Build.0 = Release|Any CPU
		{5CEDD91C-A59D-4815-92CE-AF0A1483CDAA}.Release-Thetasoft2|Any CPU.ActiveCfg = Release-Thetasoft2|Any CPU
		{5CEDD91C-A59D-4815-92CE-AF0A1483CDAA}.Release-Thetasoft2|Any CPU.Build.0 = Release-Thetasoft2|Any CPU
		{D2383C17-0D82-41B0-8C18-A14253C050C7}.AzureDebug|Any CPU.ActiveCfg = Debug|Any CPU
		{D2383C17-0D82-41B0-8C18-A14253C050C7}.AzureDebug|Any CPU.Build.0 = Debug|Any CPU
		{D2383C17-0D82-41B0-8C18-A14253C050C7}.AzureStagingDebug|Any CPU.ActiveCfg = Debug|Any CPU
		{D2383C17-0D82-41B0-8C18-A14253C050C7}.AzureStagingDebug|Any CPU.Build.0 = Debug|Any CPU
		{D2383C17-0D82-41B0-8C18-A14253C050C7}.Debug|Any CPU.ActiveCfg = Debug|Any CPU
		{D2383C17-0D82-41B0-8C18-A14253C050C7}.Debug|Any CPU.Build.0 = Debug|Any CPU
		{D2383C17-0D82-41B0-8C18-A14253C050C7}.DebugLocalHostLocalSvcLocalData|Any CPU.ActiveCfg = Debug|Any CPU
		{D2383C17-0D82-41B0-8C18-A14253C050C7}.DebugLocalHostLocalSvcLocalData|Any CPU.Build.0 = Debug|Any CPU
		{D2383C17-0D82-41B0-8C18-A14253C050C7}.DebugLocalHostLocalSvcProdData|Any CPU.ActiveCfg = Debug|Any CPU
		{D2383C17-0D82-41B0-8C18-A14253C050C7}.DebugLocalHostLocalSvcProdData|Any CPU.Build.0 = Debug|Any CPU
		{D2383C17-0D82-41B0-8C18-A14253C050C7}.DebugLocalHostStageSvcStageData|Any CPU.ActiveCfg = Debug|Any CPU
		{D2383C17-0D82-41B0-8C18-A14253C050C7}.DebugLocalHostStageSvcStageData|Any CPU.Build.0 = Debug|Any CPU
		{D2383C17-0D82-41B0-8C18-A14253C050C7}.DebugProdHostProdSvcProdData|Any CPU.ActiveCfg = Debug|Any CPU
		{D2383C17-0D82-41B0-8C18-A14253C050C7}.DebugProdHostProdSvcProdData|Any CPU.Build.0 = Debug|Any CPU
		{D2383C17-0D82-41B0-8C18-A14253C050C7}.DebugStageHostStageSvcProdData|Any CPU.ActiveCfg = Debug|Any CPU
		{D2383C17-0D82-41B0-8C18-A14253C050C7}.DebugStageHostStageSvcProdData|Any CPU.Build.0 = Debug|Any CPU
		{D2383C17-0D82-41B0-8C18-A14253C050C7}.DebugStageHostStageSvcStageData|Any CPU.ActiveCfg = Debug|Any CPU
		{D2383C17-0D82-41B0-8C18-A14253C050C7}.DebugStageHostStageSvcStageData|Any CPU.Build.0 = Debug|Any CPU
		{D2383C17-0D82-41B0-8C18-A14253C050C7}.IxStaging|Any CPU.ActiveCfg = Release|Any CPU
		{D2383C17-0D82-41B0-8C18-A14253C050C7}.IxStaging|Any CPU.Build.0 = Release|Any CPU
		{D2383C17-0D82-41B0-8C18-A14253C050C7}.ObelixStaging|Any CPU.ActiveCfg = Release|Any CPU
		{D2383C17-0D82-41B0-8C18-A14253C050C7}.ObelixStaging|Any CPU.Build.0 = Release|Any CPU
		{D2383C17-0D82-41B0-8C18-A14253C050C7}.Release|Any CPU.ActiveCfg = Release|Any CPU
		{D2383C17-0D82-41B0-8C18-A14253C050C7}.Release|Any CPU.Build.0 = Release|Any CPU
		{D2383C17-0D82-41B0-8C18-A14253C050C7}.Release-Thetasoft2|Any CPU.ActiveCfg = Release|Any CPU
		{D2383C17-0D82-41B0-8C18-A14253C050C7}.Release-Thetasoft2|Any CPU.Build.0 = Release|Any CPU
		{0FE8C023-8694-4E19-9FB0-EA38E5B8798B}.AzureDebug|Any CPU.ActiveCfg = Debug|Any CPU
		{0FE8C023-8694-4E19-9FB0-EA38E5B8798B}.AzureDebug|Any CPU.Build.0 = Debug|Any CPU
		{0FE8C023-8694-4E19-9FB0-EA38E5B8798B}.AzureStagingDebug|Any CPU.ActiveCfg = Debug|Any CPU
		{0FE8C023-8694-4E19-9FB0-EA38E5B8798B}.AzureStagingDebug|Any CPU.Build.0 = Debug|Any CPU
		{0FE8C023-8694-4E19-9FB0-EA38E5B8798B}.Debug|Any CPU.ActiveCfg = Debug|Any CPU
		{0FE8C023-8694-4E19-9FB0-EA38E5B8798B}.Debug|Any CPU.Build.0 = Debug|Any CPU
		{0FE8C023-8694-4E19-9FB0-EA38E5B8798B}.DebugLocalHostLocalSvcLocalData|Any CPU.ActiveCfg = Debug|Any CPU
		{0FE8C023-8694-4E19-9FB0-EA38E5B8798B}.DebugLocalHostLocalSvcLocalData|Any CPU.Build.0 = Debug|Any CPU
		{0FE8C023-8694-4E19-9FB0-EA38E5B8798B}.DebugLocalHostLocalSvcProdData|Any CPU.ActiveCfg = Debug|Any CPU
		{0FE8C023-8694-4E19-9FB0-EA38E5B8798B}.DebugLocalHostLocalSvcProdData|Any CPU.Build.0 = Debug|Any CPU
		{0FE8C023-8694-4E19-9FB0-EA38E5B8798B}.DebugLocalHostStageSvcStageData|Any CPU.ActiveCfg = Debug|Any CPU
		{0FE8C023-8694-4E19-9FB0-EA38E5B8798B}.DebugLocalHostStageSvcStageData|Any CPU.Build.0 = Debug|Any CPU
		{0FE8C023-8694-4E19-9FB0-EA38E5B8798B}.DebugProdHostProdSvcProdData|Any CPU.ActiveCfg = Debug|Any CPU
		{0FE8C023-8694-4E19-9FB0-EA38E5B8798B}.DebugProdHostProdSvcProdData|Any CPU.Build.0 = Debug|Any CPU
		{0FE8C023-8694-4E19-9FB0-EA38E5B8798B}.DebugStageHostStageSvcProdData|Any CPU.ActiveCfg = Debug|Any CPU
		{0FE8C023-8694-4E19-9FB0-EA38E5B8798B}.DebugStageHostStageSvcProdData|Any CPU.Build.0 = Debug|Any CPU
		{0FE8C023-8694-4E19-9FB0-EA38E5B8798B}.DebugStageHostStageSvcStageData|Any CPU.ActiveCfg = Debug|Any CPU
		{0FE8C023-8694-4E19-9FB0-EA38E5B8798B}.DebugStageHostStageSvcStageData|Any CPU.Build.0 = Debug|Any CPU
		{0FE8C023-8694-4E19-9FB0-EA38E5B8798B}.IxStaging|Any CPU.ActiveCfg = Release|Any CPU
		{0FE8C023-8694-4E19-9FB0-EA38E5B8798B}.IxStaging|Any CPU.Build.0 = Release|Any CPU
		{0FE8C023-8694-4E19-9FB0-EA38E5B8798B}.ObelixStaging|Any CPU.ActiveCfg = Release|Any CPU
		{0FE8C023-8694-4E19-9FB0-EA38E5B8798B}.ObelixStaging|Any CPU.Build.0 = Release|Any CPU
		{0FE8C023-8694-4E19-9FB0-EA38E5B8798B}.Release|Any CPU.ActiveCfg = Release|Any CPU
		{0FE8C023-8694-4E19-9FB0-EA38E5B8798B}.Release|Any CPU.Build.0 = Release|Any CPU
		{0FE8C023-8694-4E19-9FB0-EA38E5B8798B}.Release-Thetasoft2|Any CPU.ActiveCfg = Release|Any CPU
		{0FE8C023-8694-4E19-9FB0-EA38E5B8798B}.Release-Thetasoft2|Any CPU.Build.0 = Release|Any CPU
		{8F4AADA4-9527-4815-997D-4C39BBB4B0DF}.AzureDebug|Any CPU.ActiveCfg = Debug|Any CPU
		{8F4AADA4-9527-4815-997D-4C39BBB4B0DF}.AzureDebug|Any CPU.Build.0 = Debug|Any CPU
		{8F4AADA4-9527-4815-997D-4C39BBB4B0DF}.AzureStagingDebug|Any CPU.ActiveCfg = Debug|Any CPU
		{8F4AADA4-9527-4815-997D-4C39BBB4B0DF}.AzureStagingDebug|Any CPU.Build.0 = Debug|Any CPU
		{8F4AADA4-9527-4815-997D-4C39BBB4B0DF}.Debug|Any CPU.ActiveCfg = Debug|Any CPU
		{8F4AADA4-9527-4815-997D-4C39BBB4B0DF}.Debug|Any CPU.Build.0 = Debug|Any CPU
		{8F4AADA4-9527-4815-997D-4C39BBB4B0DF}.DebugLocalHostLocalSvcLocalData|Any CPU.ActiveCfg = DebugLocalHostLocalSvcLocalData|Any CPU
		{8F4AADA4-9527-4815-997D-4C39BBB4B0DF}.DebugLocalHostLocalSvcLocalData|Any CPU.Build.0 = DebugLocalHostLocalSvcLocalData|Any CPU
		{8F4AADA4-9527-4815-997D-4C39BBB4B0DF}.DebugLocalHostLocalSvcProdData|Any CPU.ActiveCfg = DebugLocalHostLocalSvcProdData|Any CPU
		{8F4AADA4-9527-4815-997D-4C39BBB4B0DF}.DebugLocalHostLocalSvcProdData|Any CPU.Build.0 = DebugLocalHostLocalSvcProdData|Any CPU
		{8F4AADA4-9527-4815-997D-4C39BBB4B0DF}.DebugLocalHostStageSvcStageData|Any CPU.ActiveCfg = Debug|Any CPU
		{8F4AADA4-9527-4815-997D-4C39BBB4B0DF}.DebugLocalHostStageSvcStageData|Any CPU.Build.0 = Debug|Any CPU
		{8F4AADA4-9527-4815-997D-4C39BBB4B0DF}.DebugProdHostProdSvcProdData|Any CPU.ActiveCfg = Debug|Any CPU
		{8F4AADA4-9527-4815-997D-4C39BBB4B0DF}.DebugProdHostProdSvcProdData|Any CPU.Build.0 = Debug|Any CPU
		{8F4AADA4-9527-4815-997D-4C39BBB4B0DF}.DebugStageHostStageSvcProdData|Any CPU.ActiveCfg = Debug|Any CPU
		{8F4AADA4-9527-4815-997D-4C39BBB4B0DF}.DebugStageHostStageSvcProdData|Any CPU.Build.0 = Debug|Any CPU
		{8F4AADA4-9527-4815-997D-4C39BBB4B0DF}.DebugStageHostStageSvcStageData|Any CPU.ActiveCfg = DebugStageHostStageSvcStageData|Any CPU
		{8F4AADA4-9527-4815-997D-4C39BBB4B0DF}.DebugStageHostStageSvcStageData|Any CPU.Build.0 = DebugStageHostStageSvcStageData|Any CPU
		{8F4AADA4-9527-4815-997D-4C39BBB4B0DF}.IxStaging|Any CPU.ActiveCfg = Release|Any CPU
		{8F4AADA4-9527-4815-997D-4C39BBB4B0DF}.IxStaging|Any CPU.Build.0 = Release|Any CPU
		{8F4AADA4-9527-4815-997D-4C39BBB4B0DF}.ObelixStaging|Any CPU.ActiveCfg = Release|Any CPU
		{8F4AADA4-9527-4815-997D-4C39BBB4B0DF}.ObelixStaging|Any CPU.Build.0 = Release|Any CPU
		{8F4AADA4-9527-4815-997D-4C39BBB4B0DF}.Release|Any CPU.ActiveCfg = Release|Any CPU
		{8F4AADA4-9527-4815-997D-4C39BBB4B0DF}.Release|Any CPU.Build.0 = Release|Any CPU
		{8F4AADA4-9527-4815-997D-4C39BBB4B0DF}.Release-Thetasoft2|Any CPU.ActiveCfg = Release|Any CPU
		{8F4AADA4-9527-4815-997D-4C39BBB4B0DF}.Release-Thetasoft2|Any CPU.Build.0 = Release|Any CPU
		{2A614ABE-23AE-4064-BD31-4EA1BCC4DAE0}.AzureDebug|Any CPU.ActiveCfg = Debug|Any CPU
		{2A614ABE-23AE-4064-BD31-4EA1BCC4DAE0}.AzureDebug|Any CPU.Build.0 = Debug|Any CPU
		{2A614ABE-23AE-4064-BD31-4EA1BCC4DAE0}.AzureStagingDebug|Any CPU.ActiveCfg = Debug|Any CPU
		{2A614ABE-23AE-4064-BD31-4EA1BCC4DAE0}.AzureStagingDebug|Any CPU.Build.0 = Debug|Any CPU
		{2A614ABE-23AE-4064-BD31-4EA1BCC4DAE0}.Debug|Any CPU.ActiveCfg = Debug|Any CPU
		{2A614ABE-23AE-4064-BD31-4EA1BCC4DAE0}.Debug|Any CPU.Build.0 = Debug|Any CPU
		{2A614ABE-23AE-4064-BD31-4EA1BCC4DAE0}.DebugLocalHostLocalSvcLocalData|Any CPU.ActiveCfg = Debug|Any CPU
		{2A614ABE-23AE-4064-BD31-4EA1BCC4DAE0}.DebugLocalHostLocalSvcLocalData|Any CPU.Build.0 = Debug|Any CPU
		{2A614ABE-23AE-4064-BD31-4EA1BCC4DAE0}.DebugLocalHostLocalSvcProdData|Any CPU.ActiveCfg = Debug|Any CPU
		{2A614ABE-23AE-4064-BD31-4EA1BCC4DAE0}.DebugLocalHostLocalSvcProdData|Any CPU.Build.0 = Debug|Any CPU
		{2A614ABE-23AE-4064-BD31-4EA1BCC4DAE0}.DebugLocalHostStageSvcStageData|Any CPU.ActiveCfg = Debug|Any CPU
		{2A614ABE-23AE-4064-BD31-4EA1BCC4DAE0}.DebugLocalHostStageSvcStageData|Any CPU.Build.0 = Debug|Any CPU
		{2A614ABE-23AE-4064-BD31-4EA1BCC4DAE0}.DebugProdHostProdSvcProdData|Any CPU.ActiveCfg = Debug|Any CPU
		{2A614ABE-23AE-4064-BD31-4EA1BCC4DAE0}.DebugProdHostProdSvcProdData|Any CPU.Build.0 = Debug|Any CPU
		{2A614ABE-23AE-4064-BD31-4EA1BCC4DAE0}.DebugStageHostStageSvcProdData|Any CPU.ActiveCfg = Debug|Any CPU
		{2A614ABE-23AE-4064-BD31-4EA1BCC4DAE0}.DebugStageHostStageSvcProdData|Any CPU.Build.0 = Debug|Any CPU
		{2A614ABE-23AE-4064-BD31-4EA1BCC4DAE0}.DebugStageHostStageSvcStageData|Any CPU.ActiveCfg = Debug|Any CPU
		{2A614ABE-23AE-4064-BD31-4EA1BCC4DAE0}.DebugStageHostStageSvcStageData|Any CPU.Build.0 = Debug|Any CPU
		{2A614ABE-23AE-4064-BD31-4EA1BCC4DAE0}.IxStaging|Any CPU.ActiveCfg = Debug|Any CPU
		{2A614ABE-23AE-4064-BD31-4EA1BCC4DAE0}.IxStaging|Any CPU.Build.0 = Debug|Any CPU
		{2A614ABE-23AE-4064-BD31-4EA1BCC4DAE0}.ObelixStaging|Any CPU.ActiveCfg = Debug|Any CPU
		{2A614ABE-23AE-4064-BD31-4EA1BCC4DAE0}.ObelixStaging|Any CPU.Build.0 = Debug|Any CPU
		{2A614ABE-23AE-4064-BD31-4EA1BCC4DAE0}.Release|Any CPU.ActiveCfg = Release|Any CPU
		{2A614ABE-23AE-4064-BD31-4EA1BCC4DAE0}.Release|Any CPU.Build.0 = Release|Any CPU
		{2A614ABE-23AE-4064-BD31-4EA1BCC4DAE0}.Release-Thetasoft2|Any CPU.ActiveCfg = Release|Any CPU
		{2A614ABE-23AE-4064-BD31-4EA1BCC4DAE0}.Release-Thetasoft2|Any CPU.Build.0 = Release|Any CPU
	EndGlobalSection
	GlobalSection(SolutionProperties) = preSolution
		HideSolutionNode = FALSE
	EndGlobalSection
	GlobalSection(NestedProjects) = preSolution
		{D2383C17-0D82-41B0-8C18-A14253C050C7} = {2FF6E2BF-F6C5-418D-9D67-EEB3B53EDAB4}
		{0FE8C023-8694-4E19-9FB0-EA38E5B8798B} = {2FF6E2BF-F6C5-418D-9D67-EEB3B53EDAB4}
		{2A614ABE-23AE-4064-BD31-4EA1BCC4DAE0} = {2FF6E2BF-F6C5-418D-9D67-EEB3B53EDAB4}
	EndGlobalSection
	GlobalSection(ExtensibilityGlobals) = postSolution
		SolutionGuid = {68C3C350-8CF2-43FF-A087-0FD5DC1524E1}
	EndGlobalSection
EndGlobal
